
Microsoft Visual Studio Solution File, Format Version 12.00
# Visual Studio Version 17
VisualStudioVersion = 17.14.36202.13 d17.14
MinimumVisualStudioVersion = 10.0.40219.1
Project("{FAE04EC0-301F-11D3-BF4B-00C04F79EFBC}") = "AutoConnector", "OLPAutoConnector\AutoConnector.csproj", "{E2990802-E901-4864-9459-3343203BC72E}"
EndProject
Global
	GlobalSection(SolutionConfigurationPlatforms) = preSolution
		2019|Any CPU = 2019|Any CPU
		2020|Any CPU = 2020|Any CPU
		2021|Any CPU = 2021|Any CPU
		2022|Any CPU = 2022|Any CPU
		2023|Any CPU = 2023|Any CPU
		2024|Any CPU = 2024|Any CPU
		2025|Any CPU = 2025|Any CPU
		Debug 2019|Any CPU = Debug 2019|Any CPU
		Debug 2020|Any CPU = Debug 2020|Any CPU
		Debug 2021|Any CPU = Debug 2021|Any CPU
		Debug 2022|Any CPU = Debug 2022|Any CPU
		Debug 2023|Any CPU = Debug 2023|Any CPU
		Debug 2024|Any CPU = Debug 2024|Any CPU
		Debug 2025|Any CPU = Debug 2025|Any CPU
	EndGlobalSection
	GlobalSection(ProjectConfigurationPlatforms) = postSolution
		{E2990802-E901-4864-9459-3343203BC72E}.2019|Any CPU.ActiveCfg = 2019|Any CPU
		{E2990802-E901-4864-9459-3343203BC72E}.2019|Any CPU.Build.0 = 2019|Any CPU
		{E2990802-E901-4864-9459-3343203BC72E}.2020|Any CPU.ActiveCfg = 2020|Any CPU
		{E2990802-E901-4864-9459-3343203BC72E}.2020|Any CPU.Build.0 = 2020|Any CPU
		{E2990802-E901-4864-9459-3343203BC72E}.2021|Any CPU.ActiveCfg = 2021|Any CPU
		{E2990802-E901-4864-9459-3343203BC72E}.2021|Any CPU.Build.0 = 2021|Any CPU
		{E2990802-E901-4864-9459-3343203BC72E}.2022|Any CPU.ActiveCfg = 2022|Any CPU
		{E2990802-E901-4864-9459-3343203BC72E}.2022|Any CPU.Build.0 = 2022|Any CPU
		{E2990802-E901-4864-9459-3343203BC72E}.2023|Any CPU.ActiveCfg = 2023|Any CPU
		{E2990802-E901-4864-9459-3343203BC72E}.2023|Any CPU.Build.0 = 2023|Any CPU
		{E2990802-E901-4864-9459-3343203BC72E}.2024|Any CPU.ActiveCfg = 2024|Any CPU
		{E2990802-E901-4864-9459-3343203BC72E}.2024|Any CPU.Build.0 = 2024|Any CPU
		{E2990802-E901-4864-9459-3343203BC72E}.2025|Any CPU.ActiveCfg = 2025|Any CPU
		{E2990802-E901-4864-9459-3343203BC72E}.2025|Any CPU.Build.0 = 2025|Any CPU
		{E2990802-E901-4864-9459-3343203BC72E}.Debug 2019|Any CPU.ActiveCfg = Debug 2019|Any CPU
		{E2990802-E901-4864-9459-3343203BC72E}.Debug 2019|Any CPU.Build.0 = Debug 2019|Any CPU
		{E2990802-E901-4864-9459-3343203BC72E}.Debug 2020|Any CPU.ActiveCfg = Debug 2020|Any CPU
		{E2990802-E901-4864-9459-3343203BC72E}.Debug 2020|Any CPU.Build.0 = Debug 2020|Any CPU
		{E2990802-E901-4864-9459-3343203BC72E}.Debug 2021|Any CPU.ActiveCfg = Debug 2021|Any CPU
		{E2990802-E901-4864-9459-3343203BC72E}.Debug 2021|Any CPU.Build.0 = Debug 2021|Any CPU
		{E2990802-E901-4864-9459-3343203BC72E}.Debug 2022|Any CPU.ActiveCfg = Debug 2022|Any CPU
		{E2990802-E901-4864-9459-3343203BC72E}.Debug 2022|Any CPU.Build.0 = Debug 2022|Any CPU
		{E2990802-E901-4864-9459-3343203BC72E}.Debug 2023|Any CPU.ActiveCfg = Debug 2023|Any CPU
		{E2990802-E901-4864-9459-3343203BC72E}.Debug 2023|Any CPU.Build.0 = Debug 2023|Any CPU
		{E2990802-E901-4864-9459-3343203BC72E}.Debug 2024|Any CPU.ActiveCfg = Debug 2024|Any CPU
		{E2990802-E901-4864-9459-3343203BC72E}.Debug 2024|Any CPU.Build.0 = Debug 2024|Any CPU
		{E2990802-E901-4864-9459-3343203BC72E}.Debug 2025|Any CPU.ActiveCfg = Debug 2025|Any CPU
		{E2990802-E901-4864-9459-3343203BC72E}.Debug 2025|Any CPU.Build.0 = Debug 2025|Any CPU
	EndGlobalSection
	GlobalSection(SolutionProperties) = preSolution
		HideSolutionNode = FALSE
	EndGlobalSection
	GlobalSection(ExtensibilityGlobals) = postSolution
		SolutionGuid = {7F17CF8E-B1D5-475A-9334-9E0124464B3D}
	EndGlobalSection
EndGlobal
